
Microsoft Visual Studio Solution File, Format Version 12.00
# Visual Studio Version 17
VisualStudioVersion = 17.0.32112.339
MinimumVisualStudioVersion = 10.0.40219.1
Project("{FAE04EC0-301F-11D3-BF4B-00C04F79EFBC}") = "CH08-LB4", "CH08-LB4\CH08-LB4.csproj", "{F373A394-61C1-4BE3-914C-B53C740EFC76}"
EndProject
Project("{FAE04EC0-301F-11D3-BF4B-00C04F79EFBC}") = "CH08-LB5", "CH08-LB5\CH08-LB5.csproj", "{211E735B-7A85-4B36-A818-34F7617F0644}"
EndProject
Project("{FAE04EC0-301F-11D3-BF4B-00C04F79EFBC}") = "CH08-LB8", "CH08-LB8\CH08-LB8.csproj", "{91159410-5CDD-4C1B-9FA4-FEBA36592B6A}"
EndProject
Project("{FAE04EC0-301F-11D3-BF4B-00C04F79EFBC}") = "CH09-LB4", "CH09-LB4\CH09-LB4.csproj", "{1AE5C277-8DAC-47F0-8899-7918451D1271}"
EndProject
Project("{FAE04EC0-301F-11D3-BF4B-00C04F79EFBC}") = "CH09-LB6", "CH09-LB6\CH09-LB6.csproj", "{62206E0C-F19B-4DBA-A50F-167EE8B1E651}"
EndProject
Global
	GlobalSection(SolutionConfigurationPlatforms) = preSolution
		Debug|Any CPU = Debug|Any CPU
		Release|Any CPU = Release|Any CPU
	EndGlobalSection
	GlobalSection(ProjectConfigurationPlatforms) = postSolution
		{F373A394-61C1-4BE3-914C-B53C740EFC76}.Debug|Any CPU.ActiveCfg = Debug|Any CPU
		{F373A394-61C1-4BE3-914C-B53C740EFC76}.Debug|Any CPU.Build.0 = Debug|Any CPU
		{F373A394-61C1-4BE3-914C-B53C740EFC76}.Release|Any CPU.ActiveCfg = Release|Any CPU
		{F373A394-61C1-4BE3-914C-B53C740EFC76}.Release|Any CPU.Build.0 = Release|Any CPU
		{211E735B-7A85-4B36-A818-34F7617F0644}.Debug|Any CPU.ActiveCfg = Debug|Any CPU
		{211E735B-7A85-4B36-A818-34F7617F0644}.Debug|Any CPU.Build.0 = Debug|Any CPU
		{211E735B-7A85-4B36-A818-34F7617F0644}.Release|Any CPU.ActiveCfg = Release|Any CPU
		{211E735B-7A85-4B36-A818-34F7617F0644}.Release|Any CPU.Build.0 = Release|Any CPU
		{91159410-5CDD-4C1B-9FA4-FEBA36592B6A}.Debug|Any CPU.ActiveCfg = Debug|Any CPU
		{91159410-5CDD-4C1B-9FA4-FEBA36592B6A}.Debug|Any CPU.Build.0 = Debug|Any CPU
		{91159410-5CDD-4C1B-9FA4-FEBA36592B6A}.Release|Any CPU.ActiveCfg = Release|Any CPU
		{91159410-5CDD-4C1B-9FA4-FEBA36592B6A}.Release|Any CPU.Build.0 = Release|Any CPU
		{1AE5C277-8DAC-47F0-8899-7918451D1271}.Debug|Any CPU.ActiveCfg = Debug|Any CPU
		{1AE5C277-8DAC-47F0-8899-7918451D1271}.Debug|Any CPU.Build.0 = Debug|Any CPU
		{1AE5C277-8DAC-47F0-8899-7918451D1271}.Release|Any CPU.ActiveCfg = Release|Any CPU
		{1AE5C277-8DAC-47F0-8899-7918451D1271}.Release|Any CPU.Build.0 = Release|Any CPU
		{62206E0C-F19B-4DBA-A50F-167EE8B1E651}.Debug|Any CPU.ActiveCfg = Debug|Any CPU
		{62206E0C-F19B-4DBA-A50F-167EE8B1E651}.Debug|Any CPU.Build.0 = Debug|Any CPU
		{62206E0C-F19B-4DBA-A50F-167EE8B1E651}.Release|Any CPU.ActiveCfg = Release|Any CPU
		{62206E0C-F19B-4DBA-A50F-167EE8B1E651}.Release|Any CPU.Build.0 = Release|Any CPU
	EndGlobalSection
	GlobalSection(SolutionProperties) = preSolution
		HideSolutionNode = FALSE
	EndGlobalSection
	GlobalSection(ExtensibilityGlobals) = postSolution
		SolutionGuid = {7C6790F9-ED25-46EA-9897-16FF1BB37127}
	EndGlobalSection
EndGlobal
